
Microsoft Visual Studio Solution File, Format Version 12.00
# Visual Studio Version 17
VisualStudioVersion = 17.10.34916.146
MinimumVisualStudioVersion = 10.0.40219.1
Project("{FAE04EC0-301F-11D3-BF4B-00C04F79EFBC}") = "WindowsServiceTutorial", "WindowsServiceTutorial\WindowsServiceTutorial.csproj", "{C1F30657-9527-40AC-927B-03C98FB47DFC}"
EndProject
Global
	GlobalSection(SolutionConfigurationPlatforms) = preSolution
		Debug|Any CPU = Debug|Any CPU
		Release|Any CPU = Release|Any CPU
	EndGlobalSection
	GlobalSection(ProjectConfigurationPlatforms) = postSolution
		{C1F30657-9527-40AC-927B-03C98FB47DFC}.Debug|Any CPU.ActiveCfg = Debug|Any CPU
		{C1F30657-9527-40AC-927B-03C98FB47DFC}.Debug|Any CPU.Build.0 = Debug|Any CPU
		{C1F30657-9527-40AC-927B-03C98FB47DFC}.Release|Any CPU.ActiveCfg = Release|Any CPU
		{C1F30657-9527-40AC-927B-03C98FB47DFC}.Release|Any CPU.Build.0 = Release|Any CPU
	EndGlobalSection
	GlobalSection(SolutionProperties) = preSolution
		HideSolutionNode = FALSE
	EndGlobalSection
	GlobalSection(ExtensibilityGlobals) = postSolution
		SolutionGuid = {451B8591-5E64-4815-B243-B0D476821218}
	EndGlobalSection
EndGlobal
